{
  "pins" : [
    {
      "identity" : "purchases-ios",
      "kind" : "remoteSourceControl",
      "location" : "https://github.com/RevenueCat/purchases-ios.git",
      "state" : {
        "revision" : "12e5ee43bfe3ccdf74cbd9746afd98301a277040",
        "version" : "3.12.8"
      }
    }
  ],
  "version" : 2
}
