{
  "pins" : [
    {
      "identity" : "purchases-ios",
      "kind" : "remoteSourceControl",
      "location" : "https://github.com/RevenueCat/purchases-ios.git",
      "state" : {
        "revision" : "afc44aa3ee7d35cb19760d63d13f4dabe58a89a4",
        "version" : "3.14.2"
      }
    }
  ],
  "version" : 2
}
